{
  "name": "chatgpt-bot-kit",
  "version": "0.0.0",
  "lockfileVersion": 3,
  "requires": true,
  "packages": {
    "": {
      "name": "chatgpt-bot-kit",
      "version": "0.0.0",
      "dependencies": {
        "yaml": "2.9.0"
      },
      "bin": {
        "bot-kit": "src/cli.js"
      },
      "devDependencies": {
        "@fission-ai/openspec": "file:../../guwenqing/assuredloop-base/node_modules/@fission-ai/openspec",
        "assuredloop-base": "file:../../guwenqing/assuredloop-base"
      },
      "engines": {
        "node": ">=20.19.0"
      }
    },
    "../../guwenqing/assuredloop-base": {
      "version": "0.1.0",
      "dev": true,
      "dependencies": {
        "@fission-ai/openspec": "1.12.0",
        "ajv": "8.20.0"
      },
      "bin": {
        "assuredloop": "src/cli.js"
      },
      "engines": {
        "node": ">=20.19.0"
      }
    },
    "../../guwenqing/assuredloop-base/node_modules/@fission-ai/openspec": {
      "version": "1.12.0",
      "dev": true,
      "license": "MIT",
      "dependencies": {
        "@inquirer/core": "^11.2.1",
        "@inquirer/prompts": "^8.5.2",
        "chalk": "^5.6.2",
        "commander": "^14.0.0",
        "cross-spawn": "7.0.6",
        "diff": "^9.0.0",
        "fast-glob": "^3.3.3",
        "ora": "^9.4.1",
        "yaml": "^2.8.3",
        "zod": "^4.4.3"
      },
      "bin": {
        "openspec": "bin/openspec.js"
      },
      "engines": {
        "node": ">=20.19.0"
      }
    },
    "node_modules/@fission-ai/openspec": {
      "resolved": "../../guwenqing/assuredloop-base/node_modules/@fission-ai/openspec",
      "link": true
    },
    "node_modules/assuredloop-base": {
      "resolved": "../../guwenqing/assuredloop-base",
      "link": true
    },
    "node_modules/yaml": {
      "version": "2.9.0",
      "resolved": "https://registry.npmjs.org/yaml/-/yaml-2.9.0.tgz",
      "integrity": "sha512-2AvhNX3mb8zd6Zy7INTtSpl1F15HW6Wnqj0srWlkKLcpYl/gMIMJiyuGq2KeI2YFxUPjdlB+3Lc10seMLtL4cA==",
      "license": "ISC",
      "bin": {
        "yaml": "bin.mjs"
      },
      "engines": {
        "node": ">= 14.6"
      },
      "funding": {
        "url": "https://github.com/sponsors/eemeli"
      }
    }
  }
}
